PODS:
  - "app_settings (3.0.0+1)":
    - Flutter
  - audio_session (0.0.1):
    - Flutter
  - bluetooth_print (0.0.1):
    - Flutter
  - charset_converter (0.0.1):
    - Flutter
  - Firebase/CoreOnly (8.11.0):
    - FirebaseCore (= 8.11.0)
  - Firebase/Messaging (8.11.0):
    - Firebase/CoreOnly
    - FirebaseMessaging (~> 8.11.0)
  - Firebase/RemoteConfig (8.11.0):
    - Firebase/CoreOnly
    - FirebaseRemoteConfig (~> 8.11.0)
  - firebase_core (1.12.0):
    - Firebase/CoreOnly (= 8.11.0)
    - Flutter
  - firebase_messaging (11.2.6):
    - Firebase/Messaging (= 8.11.0)
    - firebase_core
    - Flutter
  - firebase_remote_config (2.0.0):
    - Firebase/RemoteConfig (= 8.11.0)
    - firebase_core
    - Flutter
  - FirebaseABTesting (8.11.0):
    - FirebaseCore (~> 8.0)
  - FirebaseCore (8.11.0):
    - FirebaseCoreDiagnostics (~> 8.0)
    - GoogleUtilities/Environment (~> 7.7)
    - GoogleUtilities/Logger (~> 7.7)
  - FirebaseCoreDiagnostics (8.11.0):
    - GoogleDataTransport (~> 9.1)
    - GoogleUtilities/Environment (~> 7.7)
    - GoogleUtilities/Logger (~> 7.7)
    - nanopb (~> 2.30908.0)
  - FirebaseInstallations (8.11.0):
    - FirebaseCore (~> 8.0)
    - GoogleUtilities/Environment (~> 7.7)
    - GoogleUtilities/UserDefaults (~> 7.7)
    - PromisesObjC (< 3.0, >= 1.2)
  - FirebaseMessaging (8.11.0):
    - FirebaseCore (~> 8.0)
    - FirebaseInstallations (~> 8.0)
    - GoogleDataTransport (~> 9.1)
    - GoogleUtilities/AppDelegateSwizzler (~> 7.7)
    - GoogleUtilities/Environment (~> 7.7)
    - GoogleUtilities/Reachability (~> 7.7)
    - GoogleUtilities/UserDefaults (~> 7.7)
    - nanopb (~> 2.30908.0)
  - FirebaseRemoteConfig (8.11.0):
    - FirebaseABTesting (~> 8.0)
    - FirebaseCore (~> 8.0)
    - FirebaseInstallations (~> 8.0)
    - GoogleUtilities/Environment (~> 7.7)
    - "GoogleUtilities/NSData+zlib (~> 7.7)"
  - Flutter (1.0.0)
  - flutter_local_notifications (0.0.1):
    - Flutter
  - FMDB (2.7.5):
    - FMDB/standard (= 2.7.5)
  - FMDB/standard (2.7.5)
  - google_maps_flutter (0.0.1):
    - Flutter
    - GoogleMaps
  - GoogleDataTransport (9.1.2):
    - GoogleUtilities/Environment (~> 7.2)
    - nanopb (~> 2.30908.0)
    - PromisesObjC (< 3.0, >= 1.2)
  - GoogleMaps (4.2.0):
    - GoogleMaps/Maps (= 4.2.0)
  - GoogleMaps/Base (4.2.0)
  - GoogleMaps/Maps (4.2.0):
    - GoogleMaps/Base
  - GoogleUtilities/AppDelegateSwizzler (7.7.0):
    - GoogleUtilities/Environment
    - GoogleUtilities/Logger
    - GoogleUtilities/Network
  - GoogleUtilities/Environment (7.7.0):
    - PromisesObjC (< 3.0, >= 1.2)
  - GoogleUtilities/Logger (7.7.0):
    - GoogleUtilities/Environment
  - GoogleUtilities/Network (7.7.0):
    - GoogleUtilities/Logger
    - "GoogleUtilities/NSData+zlib"
    - GoogleUtilities/Reachability
  - "GoogleUtilities/NSData+zlib (7.7.0)"
  - GoogleUtilities/Reachability (7.7.0):
    - GoogleUtilities/Logger
  - GoogleUtilities/UserDefaults (7.7.0):
    - GoogleUtilities/Logger
  - image_picker (0.0.1):
    - Flutter
  - integration_test (0.0.1):
    - Flutter
  - just_audio (0.0.1):
    - Flutter
  - nanopb (2.30908.0):
    - nanopb/decode (= 2.30908.0)
    - nanopb/encode (= 2.30908.0)
  - nanopb/decode (2.30908.0)
  - nanopb/encode (2.30908.0)
  - package_info (0.0.1):
    - Flutter
  - path_provider_ios (0.0.1):
    - Flutter
  - "permission_handler (5.1.0+2)":
    - Flutter
  - printing (1.0.0):
    - Flutter
  - PromisesObjC (2.0.0)
  - share (0.0.1):
    - Flutter
  - shared_preferences_ios (0.0.1):
    - Flutter
  - sqflite (0.0.2):
    - Flutter
    - FMDB (>= 2.7.5)
  - store_redirect (0.0.1):
    - Flutter
  - url_launcher_ios (0.0.1):
    - Flutter
  - video_player_avfoundation (0.0.1):
    - Flutter
  - wakelock (0.0.1):
    - Flutter
  - webview_flutter_wkwebview (0.0.1):
    - Flutter

DEPENDENCIES:
  - app_settings (from `.symlinks/plugins/app_settings/ios`)
  - audio_session (from `.symlinks/plugins/audio_session/ios`)
  - bluetooth_print (from `.symlinks/plugins/bluetooth_print/ios`)
  - charset_converter (from `.symlinks/plugins/charset_converter/ios`)
  - firebase_core (from `.symlinks/plugins/firebase_core/ios`)
  - firebase_messaging (from `.symlinks/plugins/firebase_messaging/ios`)
  - firebase_remote_config (from `.symlinks/plugins/firebase_remote_config/ios`)
  - Flutter (from `Flutter`)
  - flutter_local_notifications (from `.symlinks/plugins/flutter_local_notifications/ios`)
  - google_maps_flutter (from `.symlinks/plugins/google_maps_flutter/ios`)
  - image_picker (from `.symlinks/plugins/image_picker/ios`)
  - integration_test (from `.symlinks/plugins/integration_test/ios`)
  - just_audio (from `.symlinks/plugins/just_audio/ios`)
  - package_info (from `.symlinks/plugins/package_info/ios`)
  - path_provider_ios (from `.symlinks/plugins/path_provider_ios/ios`)
  - permission_handler (from `.symlinks/plugins/permission_handler/ios`)
  - printing (from `.symlinks/plugins/printing/ios`)
  - share (from `.symlinks/plugins/share/ios`)
  - shared_preferences_ios (from `.symlinks/plugins/shared_preferences_ios/ios`)
  - sqflite (from `.symlinks/plugins/sqflite/ios`)
  - store_redirect (from `.symlinks/plugins/store_redirect/ios`)
  - url_launcher_ios (from `.symlinks/plugins/url_launcher_ios/ios`)
  - video_player_avfoundation (from `.symlinks/plugins/video_player_avfoundation/ios`)
  - wakelock (from `.symlinks/plugins/wakelock/ios`)
  - webview_flutter_wkwebview (from `.symlinks/plugins/webview_flutter_wkwebview/ios`)

SPEC REPOS:
  trunk:
    - Firebase
    - FirebaseABTesting
    - FirebaseCore
    - FirebaseCoreDiagnostics
    - FirebaseInstallations
    - FirebaseMessaging
    - FirebaseRemoteConfig
    - FMDB
    - GoogleDataTransport
    - GoogleMaps
    - GoogleUtilities
    - nanopb
    - PromisesObjC

EXTERNAL SOURCES:
  app_settings:
    :path: ".symlinks/plugins/app_settings/ios"
  audio_session:
    :path: ".symlinks/plugins/audio_session/ios"
  bluetooth_print:
    :path: ".symlinks/plugins/bluetooth_print/ios"
  charset_converter:
    :path: ".symlinks/plugins/charset_converter/ios"
  firebase_core:
    :path: ".symlinks/plugins/firebase_core/ios"
  firebase_messaging:
    :path: ".symlinks/plugins/firebase_messaging/ios"
  firebase_remote_config:
    :path: ".symlinks/plugins/firebase_remote_config/ios"
  Flutter:
    :path: Flutter
  flutter_local_notifications:
    :path: ".symlinks/plugins/flutter_local_notifications/ios"
  google_maps_flutter:
    :path: ".symlinks/plugins/google_maps_flutter/ios"
  image_picker:
    :path: ".symlinks/plugins/image_picker/ios"
  integration_test:
    :path: ".symlinks/plugins/integration_test/ios"
  just_audio:
    :path: ".symlinks/plugins/just_audio/ios"
  package_info:
    :path: ".symlinks/plugins/package_info/ios"
  path_provider_ios:
    :path: ".symlinks/plugins/path_provider_ios/ios"
  permission_handler:
    :path: ".symlinks/plugins/permission_handler/ios"
  printing:
    :path: ".symlinks/plugins/printing/ios"
  share:
    :path: ".symlinks/plugins/share/ios"
  shared_preferences_ios:
    :path: ".symlinks/plugins/shared_preferences_ios/ios"
  sqflite:
    :path: ".symlinks/plugins/sqflite/ios"
  store_redirect:
    :path: ".symlinks/plugins/store_redirect/ios"
  url_launcher_ios:
    :path: ".symlinks/plugins/url_launcher_ios/ios"
  video_player_avfoundation:
    :path: ".symlinks/plugins/video_player_avfoundation/ios"
  wakelock:
    :path: ".symlinks/plugins/wakelock/ios"
  webview_flutter_wkwebview:
    :path: ".symlinks/plugins/webview_flutter_wkwebview/ios"

SPEC CHECKSUMS:
  app_settings: d103828c9f5d515c4df9ee754dabd443f7cedcf3
  audio_session: 4f3e461722055d21515cf3261b64c973c062f345
  bluetooth_print: da8f47e8881a0b1f0fd8d73cd6fa84c9bd41ac28
  charset_converter: 215c7b04932ec2b9ba43be96a9bc34afed3e5322
  Firebase: 44dd9724c84df18b486639e874f31436eaa9a20c
  firebase_core: 443bccfd6aa6b42f07be365b500773dc69db2d87
  firebase_messaging: 8dc3a6f069774a0bf4dac04dd79fdaffcb62e145
  firebase_remote_config: dc8adca69c09013f92072025ecd083bd5acc7a12
  FirebaseABTesting: aac00a5472250a45f1462675792030e44df025c7
  FirebaseCore: 2f4f85b453cc8fea4bb2b37e370007d2bcafe3f0
  FirebaseCoreDiagnostics: 64d9709d804a6c25bd77841371c1fcfd909d5601
  FirebaseInstallations: 044eede8a049bce71c4541ee68d6e4364fcbe774
  FirebaseMessaging: 02e248e8997f71fa8cc9d78e9d49ec1a701ba14a
  FirebaseRemoteConfig: a6a1ce9dabf404817ae2a44e8421d276660d9091
  Flutter: 50d75fe2f02b26cc09d224853bb45737f8b3214a
  flutter_local_notifications: 0c0b1ae97e741e1521e4c1629a459d04b9aec743
  FMDB: 2ce00b547f966261cd18927a3ddb07cb6f3db82a
  google_maps_flutter: abdb8dee6c52d4be36ad131ee6ebfacd14417c5a
  GoogleDataTransport: 629c20a4d363167143f30ea78320d5a7eb8bd940
  GoogleMaps: eb03e327edfd70b06de1e6e321653f73712df7ad
  GoogleUtilities: e0913149f6b0625b553d70dae12b49fc62914fd1
  image_picker: 0d37d1cb66231c2473a0e3ccb8d062d0c2b3d297
  integration_test: a1e7d09bd98eca2fc37aefd79d4f41ad37bdbbe5
  just_audio: baa7252489dbcf47a4c7cc9ca663e9661c99aafa
  nanopb: a0ba3315591a9ae0a16a309ee504766e90db0c96
  package_info: 873975fc26034f0b863a300ad47e7f1ac6c7ec62
  path_provider_ios: 7d7ce634493af4477d156294792024ec3485acd5
  permission_handler: ccb20a9fad0ee9b1314a52b70b76b473c5f8dab0
  printing: eafa00acb682c0ca029d4d98d0798f55a1e27102
  PromisesObjC: 68159ce6952d93e17b2dfe273b8c40907db5ba58
  share: 0b2c3e82132f5888bccca3351c504d0003b3b410
  shared_preferences_ios: aef470a42dc4675a1cdd50e3158b42e3d1232b32
  sqflite: 6d358c025f5b867b29ed92fc697fd34924e11904
  store_redirect: 2977747cf81689a39bd62c248c2deacb7a0d131e
  url_launcher_ios: 02f1989d4e14e998335b02b67a7590fa34f971af
  video_player_avfoundation: e489aac24ef5cf7af82702979ed16f2a5ef84cff
  wakelock: d0fc7c864128eac40eba1617cb5264d9c940b46f
  webview_flutter_wkwebview: 005fbd90c888a42c5690919a1527ecc6649e1162

PODFILE CHECKSUM: 39d4f41d7273cd96ed6868675f97ba0d0a331ebb

COCOAPODS: 1.11.2
